
Microsoft Visual Studio Solution File, Format Version 12.00
# Visual Studio Version 16
VisualStudioVersion = 16.0.30413.136
MinimumVisualStudioVersion = 10.0.40219.1
Project("{FAE04EC0-301F-11D3-BF4B-00C04F79EFBC}") = "CommonCharacterCount", "CommonCharacterCount\CommonCharacterCount.csproj", "{47B3D4A3-F209-424B-9093-B4B1A4215829}"
EndProject
Global
	GlobalSection(SolutionConfigurationPlatforms) = preSolution
		Debug|Any CPU = Debug|Any CPU
		Release|Any CPU = Release|Any CPU
	EndGlobalSection
	GlobalSection(ProjectConfigurationPlatforms) = postSolution
		{47B3D4A3-F209-424B-9093-B4B1A4215829}.Debug|Any CPU.ActiveCfg = Debug|Any CPU
		{47B3D4A3-F209-424B-9093-B4B1A4215829}.Debug|Any CPU.Build.0 = Debug|Any CPU
		{47B3D4A3-F209-424B-9093-B4B1A4215829}.Release|Any CPU.ActiveCfg = Release|Any CPU
		{47B3D4A3-F209-424B-9093-B4B1A4215829}.Release|Any CPU.Build.0 = Release|Any CPU
	EndGlobalSection
	GlobalSection(SolutionProperties) = preSolution
		HideSolutionNode = FALSE
	EndGlobalSection
	GlobalSection(ExtensibilityGlobals) = postSolution
		SolutionGuid = {D189C646-89D0-49A6-9C16-9AE4247978D9}
	EndGlobalSection
EndGlobal
